
Microsoft Visual Studio Solution File, Format Version 12.00
# Visual Studio Version 16
VisualStudioVersion = 16.0.29728.190
MinimumVisualStudioVersion = 10.0.40219.1
Project("{FAE04EC0-301F-11D3-BF4B-00C04F79EFBC}") = "BankaParaYatirCekSorgula", "BankaParaYatirCekSorgula\BankaParaYatirCekSorgula.csproj", "{C2F2DA12-0729-4275-8C57-91918889E162}"
EndProject
Global
	GlobalSection(SolutionConfigurationPlatforms) = preSolution
		Debug|Any CPU = Debug|Any CPU
		Release|Any CPU = Release|Any CPU
	EndGlobalSection
	GlobalSection(ProjectConfigurationPlatforms) = postSolution
		{C2F2DA12-0729-4275-8C57-91918889E162}.Debug|Any CPU.ActiveCfg = Debug|Any CPU
		{C2F2DA12-0729-4275-8C57-91918889E162}.Debug|Any CPU.Build.0 = Debug|Any CPU
		{C2F2DA12-0729-4275-8C57-91918889E162}.Release|Any CPU.ActiveCfg = Release|Any CPU
		{C2F2DA12-0729-4275-8C57-91918889E162}.Release|Any CPU.Build.0 = Release|Any CPU
	EndGlobalSection
	GlobalSection(SolutionProperties) = preSolution
		HideSolutionNode = FALSE
	EndGlobalSection
	GlobalSection(ExtensibilityGlobals) = postSolution
		SolutionGuid = {EEE80B6E-213C-4176-BF61-805A162057C7}
	EndGlobalSection
EndGlobal
